version = 1
revision = 3
requires-python = ">=3.12"

[[package]]
name = "04-evaluation"
version = "0.1.0"
source = { virtual = "." }
dependencies = [
    { name = "datasets" },
]

[package.metadata]
requires-dist = [{ name = "datasets", editable = "../../datasets" }]

[[package]]
name = "datasets"
version = "0.1.0"
source = { editable = "../../datasets" }
